
Microsoft Visual Studio Solution File, Format Version 12.00
# Visual Studio Version 17
VisualStudioVersion = 17.7.34302.85
MinimumVisualStudioVersion = 10.0.40219.1
Project("{FAE04EC0-301F-11D3-BF4B-00C04F79EFBC}") = "TheBakery", "TheBakery\TheBakery.csproj", "{AAC4DB02-8096-408E-83CF-C0B3B8925FF0}"
EndProject
Global
	GlobalSection(SolutionConfigurationPlatforms) = preSolution
		Debug|Any CPU = Debug|Any CPU
		Release|Any CPU = Release|Any CPU
	EndGlobalSection
	GlobalSection(ProjectConfigurationPlatforms) = postSolution
		{AAC4DB02-8096-408E-83CF-C0B3B8925FF0}.Debug|Any CPU.ActiveCfg = Debug|Any CPU
		{AAC4DB02-8096-408E-83CF-C0B3B8925FF0}.Debug|Any CPU.Build.0 = Debug|Any CPU
		{AAC4DB02-8096-408E-83CF-C0B3B8925FF0}.Release|Any CPU.ActiveCfg = Release|Any CPU
		{AAC4DB02-8096-408E-83CF-C0B3B8925FF0}.Release|Any CPU.Build.0 = Release|Any CPU
	EndGlobalSection
	GlobalSection(SolutionProperties) = preSolution
		HideSolutionNode = FALSE
	EndGlobalSection
	GlobalSection(ExtensibilityGlobals) = postSolution
		SolutionGuid = {821C7A4D-4A9E-436D-8998-F111E885A3D6}
	EndGlobalSection
EndGlobal
